
Microsoft Visual Studio Solution File, Format Version 12.00
# Visual Studio Version 17
VisualStudioVersion = 17.8.34330.188
MinimumVisualStudioVersion = 10.0.40219.1
Project("{9A19103F-16F7-4668-BE54-9A1E7A4F7556}") = "MyFirstAutoCAD", "MyFirstAutoCAD\MyFirstAutoCAD.csproj", "{96CE695B-BAA5-472A-BC47-ECC0EE1CD42F}"
EndProject
Project("{9A19103F-16F7-4668-BE54-9A1E7A4F7556}") = "Lab2", "Lab2\Lab2.csproj", "{E3518DAF-5429-4898-91C2-FAA89E7A403B}"
EndProject
Project("{9A19103F-16F7-4668-BE54-9A1E7A4F7556}") = "Lab3", "Lab3\Lab3.csproj", "{A14313B7-D520-4884-8691-25D2962AE25D}"
EndProject
Project("{FAE04EC0-301F-11D3-BF4B-00C04F79EFBC}") = "WinformPalette", "WinformPalette\WinformPalette.csproj", "{9D1D4BAE-82B1-40DC-871F-341E1EA00C01}"
EndProject
Global
	GlobalSection(SolutionConfigurationPlatforms) = preSolution
		Debug|Any CPU = Debug|Any CPU
		Debug|x64 = Debug|x64
		Release|Any CPU = Release|Any CPU
		Release|x64 = Release|x64
	EndGlobalSection
	GlobalSection(ProjectConfigurationPlatforms) = postSolution
		{96CE695B-BAA5-472A-BC47-ECC0EE1CD42F}.Debug|Any CPU.ActiveCfg = Debug|Any CPU
		{96CE695B-BAA5-472A-BC47-ECC0EE1CD42F}.Debug|Any CPU.Build.0 = Debug|Any CPU
		{96CE695B-BAA5-472A-BC47-ECC0EE1CD42F}.Debug|x64.ActiveCfg = Debug|x64
		{96CE695B-BAA5-472A-BC47-ECC0EE1CD42F}.Debug|x64.Build.0 = Debug|x64
		{96CE695B-BAA5-472A-BC47-ECC0EE1CD42F}.Release|Any CPU.ActiveCfg = Release|Any CPU
		{96CE695B-BAA5-472A-BC47-ECC0EE1CD42F}.Release|Any CPU.Build.0 = Release|Any CPU
		{96CE695B-BAA5-472A-BC47-ECC0EE1CD42F}.Release|x64.ActiveCfg = Release|x64
		{96CE695B-BAA5-472A-BC47-ECC0EE1CD42F}.Release|x64.Build.0 = Release|x64
		{E3518DAF-5429-4898-91C2-FAA89E7A403B}.Debug|Any CPU.ActiveCfg = Debug|Any CPU
		{E3518DAF-5429-4898-91C2-FAA89E7A403B}.Debug|Any CPU.Build.0 = Debug|Any CPU
		{E3518DAF-5429-4898-91C2-FAA89E7A403B}.Debug|x64.ActiveCfg = Debug|Any CPU
		{E3518DAF-5429-4898-91C2-FAA89E7A403B}.Debug|x64.Build.0 = Debug|Any CPU
		{E3518DAF-5429-4898-91C2-FAA89E7A403B}.Release|Any CPU.ActiveCfg = Release|Any CPU
		{E3518DAF-5429-4898-91C2-FAA89E7A403B}.Release|Any CPU.Build.0 = Release|Any CPU
		{E3518DAF-5429-4898-91C2-FAA89E7A403B}.Release|x64.ActiveCfg = Release|Any CPU
		{E3518DAF-5429-4898-91C2-FAA89E7A403B}.Release|x64.Build.0 = Release|Any CPU
		{A14313B7-D520-4884-8691-25D2962AE25D}.Debug|Any CPU.ActiveCfg = Debug|Any CPU
		{A14313B7-D520-4884-8691-25D2962AE25D}.Debug|Any CPU.Build.0 = Debug|Any CPU
		{A14313B7-D520-4884-8691-25D2962AE25D}.Debug|x64.ActiveCfg = Debug|Any CPU
		{A14313B7-D520-4884-8691-25D2962AE25D}.Debug|x64.Build.0 = Debug|Any CPU
		{A14313B7-D520-4884-8691-25D2962AE25D}.Release|Any CPU.ActiveCfg = Release|Any CPU
		{A14313B7-D520-4884-8691-25D2962AE25D}.Release|Any CPU.Build.0 = Release|Any CPU
		{A14313B7-D520-4884-8691-25D2962AE25D}.Release|x64.ActiveCfg = Release|Any CPU
		{A14313B7-D520-4884-8691-25D2962AE25D}.Release|x64.Build.0 = Release|Any CPU
		{9D1D4BAE-82B1-40DC-871F-341E1EA00C01}.Debug|Any CPU.ActiveCfg = Debug|Any CPU
		{9D1D4BAE-82B1-40DC-871F-341E1EA00C01}.Debug|Any CPU.Build.0 = Debug|Any CPU
		{9D1D4BAE-82B1-40DC-871F-341E1EA00C01}.Debug|x64.ActiveCfg = Debug|Any CPU
		{9D1D4BAE-82B1-40DC-871F-341E1EA00C01}.Debug|x64.Build.0 = Debug|Any CPU
		{9D1D4BAE-82B1-40DC-871F-341E1EA00C01}.Release|Any CPU.ActiveCfg = Release|Any CPU
		{9D1D4BAE-82B1-40DC-871F-341E1EA00C01}.Release|Any CPU.Build.0 = Release|Any CPU
		{9D1D4BAE-82B1-40DC-871F-341E1EA00C01}.Release|x64.ActiveCfg = Release|Any CPU
		{9D1D4BAE-82B1-40DC-871F-341E1EA00C01}.Release|x64.Build.0 = Release|Any CPU
	EndGlobalSection
	GlobalSection(SolutionProperties) = preSolution
		HideSolutionNode = FALSE
	EndGlobalSection
	GlobalSection(ExtensibilityGlobals) = postSolution
		SolutionGuid = {D1DAB011-F3F4-4373-9ABA-5C19D750F71A}
	EndGlobalSection
EndGlobal
